
Microsoft Visual Studio Solution File, Format Version 12.00
# Visual Studio Version 17
VisualStudioVersion = 17.7.34003.232
MinimumVisualStudioVersion = 10.0.40219.1
Project("{9A19103F-16F7-4668-BE54-9A1E7A4F7556}") = "AvaloniaApplication5", "AvaloniaApplication5\AvaloniaApplication5.csproj", "{AD2DEA7F-27E2-43E0-B309-827B9CE0F7A7}"
EndProject
Project("{9A19103F-16F7-4668-BE54-9A1E7A4F7556}") = "AvaloniaApplication5.Desktop", "AvaloniaApplication5.Desktop\AvaloniaApplication5.Desktop.csproj", "{8D56FECC-4ACC-4581-B0D4-7D4CE929C672}"
EndProject
Global
	GlobalSection(SolutionConfigurationPlatforms) = preSolution
		Debug|Any CPU = Debug|Any CPU
		Release|Any CPU = Release|Any CPU
	EndGlobalSection
	GlobalSection(ProjectConfigurationPlatforms) = postSolution
		{AD2DEA7F-27E2-43E0-B309-827B9CE0F7A7}.Debug|Any CPU.ActiveCfg = Debug|Any CPU
		{AD2DEA7F-27E2-43E0-B309-827B9CE0F7A7}.Debug|Any CPU.Build.0 = Debug|Any CPU
		{AD2DEA7F-27E2-43E0-B309-827B9CE0F7A7}.Release|Any CPU.ActiveCfg = Release|Any CPU
		{AD2DEA7F-27E2-43E0-B309-827B9CE0F7A7}.Release|Any CPU.Build.0 = Release|Any CPU
		{8D56FECC-4ACC-4581-B0D4-7D4CE929C672}.Debug|Any CPU.ActiveCfg = Debug|Any CPU
		{8D56FECC-4ACC-4581-B0D4-7D4CE929C672}.Debug|Any CPU.Build.0 = Debug|Any CPU
		{8D56FECC-4ACC-4581-B0D4-7D4CE929C672}.Release|Any CPU.ActiveCfg = Release|Any CPU
		{8D56FECC-4ACC-4581-B0D4-7D4CE929C672}.Release|Any CPU.Build.0 = Release|Any CPU
	EndGlobalSection
	GlobalSection(SolutionProperties) = preSolution
		HideSolutionNode = FALSE
	EndGlobalSection
	GlobalSection(ExtensibilityGlobals) = postSolution
		SolutionGuid = {CA3F360D-80FB-4341-ABB3-70C8201CAC0A}
	EndGlobalSection
EndGlobal
